<?xml version="1.0" encoding="utf-8"?>
<Project ToolsVersion="4.0" xmlns="http://schemas.microsoft.com/developer/msbuild/2003">
  <ItemGroup>
    <Filter Include="Archivos de origen">
      <UniqueIdentifier>{4FC737F1-C7A5-4376-A066-2A32D752A2FF}</UniqueIdentifier>
      <Extensions>cpp;c;cc;cxx;c++;cppm;ixx;def;odl;idl;hpj;bat;asm;asmx</Extensions>
    </Filter>
    <Filter Include="Archivos de encabezado">
      <UniqueIdentifier>{93995380-89BD-4b04-88EB-625FBE52EBFB}</UniqueIdentifier>
      <Extensions>h;hh;hpp;hxx;h++;hm;inl;inc;ipp;xsd</Extensions>
    </Filter>
    <Filter Include="Escenas">
      <UniqueIdentifier>{67DA6AB6-F800-4c08-8B7A-83BB121AAD01}</UniqueIdentifier>
      <Extensions>rc;ico;cur;bmp;dlg;rc2;rct;bin;rgs;gif;jpg;jpeg;jpe;resx;tiff;tif;png;wav;mfcribbon-ms</Extensions>
    </Filter>
    <Filter Include="Entidades">
      <UniqueIdentifier>{bac7f076-0c5a-48cf-895b-5c0342f138f9}</UniqueIdentifier>
    </Filter>
    <Filter Include="Escenas\CPP">
      <UniqueIdentifier>{72da190a-10aa-4c1b-b744-d99e2f4feca0}</UniqueIdentifier>
    </Filter>
    <Filter Include="Escenas\HPP">
      <UniqueIdentifier>{8bd1570a-2e91-448b-a541-586b742f84d7}</UniqueIdentifier>
    </Filter>
    <Filter Include="Entidades\Entidades Ciudad1">
      <UniqueIdentifier>{bab70bf4-5279-48c9-b359-c3bd13f74e91}</UniqueIdentifier>
    </Filter>
  </ItemGroup>
  <ItemGroup>
    <ClInclude Include="entidad.h">
      <Filter>Archivos de encabezado</Filter>
    </ClInclude>
    <ClInclude Include="EscenaBase.h">
      <Filter>Archivos de encabezado</Filter>
    </ClInclude>
    <ClInclude Include="Gameplay.h">
      <Filter>Archivos de encabezado</Filter>
    </ClInclude>
    <ClInclude Include="tipos_fondo.h">
      <Filter>Archivos de encabezado</Filter>
    </ClInclude>
    <ClInclude Include="Personaje.h">
      <Filter>Entidades</Filter>
    </ClInclude>
    <ClInclude Include="Dialogo.h">
      <Filter>Entidades</Filter>
    </ClInclude>
    <ClInclude Include="Camara.h">
      <Filter>Entidades</Filter>
    </ClInclude>
    <ClInclude Include="Fondo.h">
      <Filter>Entidades</Filter>
    </ClInclude>
    <ClInclude Include="EscenaInicial2.h">
      <Filter>Escenas\HPP</Filter>
    </ClInclude>
    <ClInclude Include="Casa1.h">
      <Filter>Escenas\HPP</Filter>
    </ClInclude>
    <ClInclude Include="Ciudad1.h">
      <Filter>Escenas\HPP</Filter>
    </ClInclude>
    <ClInclude Include="Ciudad2.h">
      <Filter>Escenas\HPP</Filter>
    </ClInclude>
    <ClInclude Include="EscenaInicial.h">
      <Filter>Escenas\HPP</Filter>
    </ClInclude>
    <ClInclude Include="bg_dec.h">
      <Filter>Entidades\Entidades Ciudad1</Filter>
    </ClInclude>
    <ClInclude Include="Playa.h">
      <Filter>Escenas\HPP</Filter>
    </ClInclude>
    <ClInclude Include="Cementerio.h">
      <Filter>Escenas\HPP</Filter>
    </ClInclude>
    <ClInclude Include="item.h">
      <Filter>Archivos de encabezado</Filter>
    </ClInclude>
    <ClInclude Include="tipo_item.h">
      <Filter>Archivos de encabezado</Filter>
    </ClInclude>
    <ClInclude Include="Menu.h">
      <Filter>Escenas\CPP</Filter>
    </ClInclude>
    <ClInclude Include="EscenaFinal.h">
      <Filter>Escenas\HPP</Filter>
    </ClInclude>
    <ClInclude Include="mensaje.h">
      <Filter>Entidades</Filter>
    </ClInclude>
  </ItemGroup>
  <ItemGroup>
    <ClCompile Include="EscenaBase.cpp">
      <Filter>Archivos de origen</Filter>
    </ClCompile>
    <ClCompile Include="Gameplay.cpp">
      <Filter>Archivos de origen</Filter>
    </ClCompile>
    <ClCompile Include="main.cpp">
      <Filter>Archivos de origen</Filter>
    </ClCompile>
    <ClCompile Include="Personaje.cpp">
      <Filter>Entidades</Filter>
    </ClCompile>
    <ClCompile Include="Dialogo.cpp">
      <Filter>Entidades</Filter>
    </ClCompile>
    <ClCompile Include="Fondo.cpp">
      <Filter>Entidades</Filter>
    </ClCompile>
    <ClCompile Include="Casa1.cpp">
      <Filter>Escenas\CPP</Filter>
    </ClCompile>
    <ClCompile Include="Ciudad1.cpp">
      <Filter>Escenas\CPP</Filter>
    </ClCompile>
    <ClCompile Include="Ciudad2.cpp">
      <Filter>Escenas\CPP</Filter>
    </ClCompile>
    <ClCompile Include="EscenaInicial2.cpp">
      <Filter>Escenas\CPP</Filter>
    </ClCompile>
    <ClCompile Include="EscenaInicial.cpp">
      <Filter>Escenas\CPP</Filter>
    </ClCompile>
    <ClCompile Include="Playa.cpp">
      <Filter>Escenas\CPP</Filter>
    </ClCompile>
    <ClCompile Include="bg_dec.cpp">
      <Filter>Entidades\Entidades Ciudad1</Filter>
    </ClCompile>
    <ClCompile Include="Cementerio.cpp">
      <Filter>Escenas\CPP</Filter>
    </ClCompile>
    <ClCompile Include="item.cpp">
      <Filter>Archivos de origen</Filter>
    </ClCompile>
    <ClCompile Include="Menu.cpp">
      <Filter>Escenas\HPP</Filter>
    </ClCompile>
    <ClCompile Include="EscenaFinal.cpp">
      <Filter>Escenas\CPP</Filter>
    </ClCompile>
    <ClCompile Include="mensaje.cpp">
      <Filter>Entidades</Filter>
    </ClCompile>
  </ItemGroup>
</Project>